
Microsoft Visual Studio Solution File, Format Version 12.00
# Visual Studio 2017
Project("{FAE04EC0-301F-11D3-BF4B-00C04F79EFBC}") = "Primera prueba.Plugins", "Primera prueba.Plugins.csproj", "{26E8A730-C110-7A74-5A59-7A645D8333AD}"
EndProject
Project("{FAE04EC0-301F-11D3-BF4B-00C04F79EFBC}") = "Primera prueba.Editor.Plugins", "Primera prueba.Editor.Plugins.csproj", "{14B0973D-C4FE-5CA8-2E33-2456481C5949}"
EndProject
Global
	GlobalSection(SolutionConfigurationPlatforms) = preSolution
		Debug|Any CPU = Debug|Any CPU
		Release|Any CPU = Release|Any CPU
	EndGlobalSection
	GlobalSection(ProjectConfigurationPlatforms) = postSolution
		{26E8A730-C110-7A74-5A59-7A645D8333AD}.Debug|Any CPU.ActiveCfg = Debug|Any CPU
		{26E8A730-C110-7A74-5A59-7A645D8333AD}.Debug|Any CPU.Build.0 = Debug|Any CPU
		{26E8A730-C110-7A74-5A59-7A645D8333AD}.Release|Any CPU.ActiveCfg = Release|Any CPU
		{26E8A730-C110-7A74-5A59-7A645D8333AD}.Release|Any CPU.Build.0 = Release|Any CPU
		{14B0973D-C4FE-5CA8-2E33-2456481C5949}.Debug|Any CPU.ActiveCfg = Debug|Any CPU
		{14B0973D-C4FE-5CA8-2E33-2456481C5949}.Debug|Any CPU.Build.0 = Debug|Any CPU
		{14B0973D-C4FE-5CA8-2E33-2456481C5949}.Release|Any CPU.ActiveCfg = Release|Any CPU
		{14B0973D-C4FE-5CA8-2E33-2456481C5949}.Release|Any CPU.Build.0 = Release|Any CPU
	EndGlobalSection
	GlobalSection(SolutionProperties) = preSolution
		HideSolutionNode = FALSE
	EndGlobalSection
EndGlobal
